
Microsoft Visual Studio Solution File, Format Version 12.00
# Visual Studio Version 16
VisualStudioVersion = 16.0.29728.190
MinimumVisualStudioVersion = 10.0.40219.1
Project("{FAE04EC0-301F-11D3-BF4B-00C04F79EFBC}") = "Geniy_Idiot_2_ConsoleApp1", "Geniy_Idiot_2_ConsoleApp1\Geniy_Idiot_2_ConsoleApp1.csproj", "{1ED3DB2D-C1A4-4ABA-889B-ED51C8245466}"
EndProject
Global
	GlobalSection(SolutionConfigurationPlatforms) = preSolution
		Debug|Any CPU = Debug|Any CPU
		Release|Any CPU = Release|Any CPU
	EndGlobalSection
	GlobalSection(ProjectConfigurationPlatforms) = postSolution
		{1ED3DB2D-C1A4-4ABA-889B-ED51C8245466}.Debug|Any CPU.ActiveCfg = Debug|Any CPU
		{1ED3DB2D-C1A4-4ABA-889B-ED51C8245466}.Debug|Any CPU.Build.0 = Debug|Any CPU
		{1ED3DB2D-C1A4-4ABA-889B-ED51C8245466}.Release|Any CPU.ActiveCfg = Release|Any CPU
		{1ED3DB2D-C1A4-4ABA-889B-ED51C8245466}.Release|Any CPU.Build.0 = Release|Any CPU
	EndGlobalSection
	GlobalSection(SolutionProperties) = preSolution
		HideSolutionNode = FALSE
	EndGlobalSection
	GlobalSection(ExtensibilityGlobals) = postSolution
		SolutionGuid = {08F0501D-72FF-4190-B50E-66BA4D26CD37}
	EndGlobalSection
EndGlobal
